// !$*UTF8*$!
{
	archiveVersion = 1;
	classes = {
	};
	objectVersion = 46;
	objects = {

/* Begin PBXBuildFile section */
		070B452A1838104500ED29B5 /* Foundation.framework in Frameworks */ = {isa = PBXBuildFile; fileRef = 070B45291838104500ED29B5 /* Foundation.framework */; };
		070B452C1838104500ED29B5 /* CoreGraphics.framework in Frameworks */ = {isa = PBXBuildFile; fileRef = 070B452B1838104500ED29B5 /* CoreGraphics.framework */; };
		070B452E1838104500ED29B5 /* UIKit.framework in Frameworks */ = {isa = PBXBuildFile; fileRef = 070B452D1838104500ED29B5 /* UIKit.framework */; };
		070B45341838104500ED29B5 /* InfoPlist.strings in Resources */ = {isa = PBXBuildFile; fileRef = 070B45321838104500ED29B5 /* InfoPlist.strings */; };
		070B45361838104500ED29B5 /* main.m in Sources */ = {isa = PBXBuildFile; fileRef = 070B45351838104500ED29B5 /* main.m */; };
		070B453A1838104500ED29B5 /* LTAppDelegate.mm in Sources */ = {isa = PBXBuildFile; fileRef = 070B45391838104500ED29B5 /* LTAppDelegate.mm */; };
		070B453D1838104500ED29B5 /* Main.storyboard in Resources */ = {isa = PBXBuildFile; fileRef = 070B453B1838104500ED29B5 /* Main.storyboard */; };
		070B45401838104500ED29B5 /* LTViewController.mm in Sources */ = {isa = PBXBuildFile; fileRef = 070B453F1838104500ED29B5 /* LTViewController.mm */; settings = {COMPILER_FLAGS = "-fno-objc-arc"; }; };
		070B45421838104500ED29B5 /* Images.xcassets in Resources */ = {isa = PBXBuildFile; fileRef = 070B45411838104500ED29B5 /* Images.xcassets */; };
		070B45491838104500ED29B5 /* XCTest.framework in Frameworks */ = {isa = PBXBuildFile; fileRef = 070B45481838104500ED29B5 /* XCTest.framework */; };
		070B454A1838104500ED29B5 /* Foundation.framework in Frameworks */ = {isa = PBXBuildFile; fileRef = 070B45291838104500ED29B5 /* Foundation.framework */; };
		070B454B1838104500ED29B5 /* UIKit.framework in Frameworks */ = {isa = PBXBuildFile; fileRef = 070B452D1838104500ED29B5 /* UIKit.framework */; };
		070B45531838104500ED29B5 /* InfoPlist.strings in Resources */ = {isa = PBXBuildFile; fileRef = 070B45511838104500ED29B5 /* InfoPlist.strings */; };
		070B45551838104500ED29B5 /* LaserTagTests.m in Sources */ = {isa = PBXBuildFile; fileRef = 070B45541838104500ED29B5 /* LaserTagTests.m */; };
		070B4560183810A900ED29B5 /* LaserParticleSystemView.mm in Sources */ = {isa = PBXBuildFile; fileRef = 070B455F183810A900ED29B5 /* LaserParticleSystemView.mm */; };
		070B4562183810F400ED29B5 /* QuartzCore.framework in Frameworks */ = {isa = PBXBuildFile; fileRef = 070B4561183810F400ED29B5 /* QuartzCore.framework */; };
		070B4564183811C700ED29B5 /* particle.png in Resources */ = {isa = PBXBuildFile; fileRef = 070B4563183811C700ED29B5 /* particle.png */; };
		07F1124318381F4F00CF86CD /* metaioSDK.framework in Frameworks */ = {isa = PBXBuildFile; fileRef = 07F1124218381F4F00CF86CD /* metaioSDK.framework */; };
		07F1124518381FC700CF86CD /* libz.dylib in Frameworks */ = {isa = PBXBuildFile; fileRef = 07F1124418381FC700CF86CD /* libz.dylib */; };
		07F1124718381FCD00CF86CD /* libxml2.dylib in Frameworks */ = {isa = PBXBuildFile; fileRef = 07F1124618381FCD00CF86CD /* libxml2.dylib */; };
		07F1124918381FD300CF86CD /* CFNetwork.framework in Frameworks */ = {isa = PBXBuildFile; fileRef = 07F1124818381FD300CF86CD /* CFNetwork.framework */; };
		07F1124B18381FD900CF86CD /* AudioToolbox.framework in Frameworks */ = {isa = PBXBuildFile; fileRef = 07F1124A18381FD900CF86CD /* AudioToolbox.framework */; };
		07F1124D18381FDE00CF86CD /* OpenGLES.framework in Frameworks */ = {isa = PBXBuildFile; fileRef = 07F1124C18381FDE00CF86CD /* OpenGLES.framework */; };
		07F1124F18381FE300CF86CD /* AVFoundation.framework in Frameworks */ = {isa = PBXBuildFile; fileRef = 07F1124E18381FE300CF86CD /* AVFoundation.framework */; };
		07F1125118381FE800CF86CD /* Security.framework in Frameworks */ = {isa = PBXBuildFile; fileRef = 07F1125018381FE800CF86CD /* Security.framework */; };
		07F1125318381FEF00CF86CD /* CoreMedia.framework in Frameworks */ = {isa = PBXBuildFile; fileRef = 07F1125218381FEF00CF86CD /* CoreMedia.framework */; };
		07F1125518381FF400CF86CD /* CoreLocation.framework in Frameworks */ = {isa = PBXBuildFile; fileRef = 07F1125418381FF400CF86CD /* CoreLocation.framework */; };
		07F1125718381FFA00CF86CD /* CoreMotion.framework in Frameworks */ = {isa = PBXBuildFile; fileRef = 07F1125618381FFA00CF86CD /* CoreMotion.framework */; };
		07F1125918381FFF00CF86CD /* CoreVideo.framework in Frameworks */ = {isa = PBXBuildFile; fileRef = 07F1125818381FFF00CF86CD /* CoreVideo.framework */; };
		07F1125E1838203500CF86CD /* EAGLView.mm in Sources */ = {isa = PBXBuildFile; fileRef = 07F1125B1838203500CF86CD /* EAGLView.mm */; settings = {COMPILER_FLAGS = "-fno-objc-arc"; }; };
		07F1125F1838203500CF86CD /* MetaioSDKViewController.mm in Sources */ = {isa = PBXBuildFile; fileRef = 07F1125D1838203500CF86CD /* MetaioSDKViewController.mm */; settings = {COMPILER_FLAGS = "-fno-objc-arc"; }; };
		07F112621838220B00CF86CD /* TrackingData_Marker.xml in Resources */ = {isa = PBXBuildFile; fileRef = 07F112611838220B00CF86CD /* TrackingData_Marker.xml */; };
		07F1127418383CD400CF86CD /* GLKit.framework in Frameworks */ = {isa = PBXBuildFile; fileRef = 07F1127318383CD400CF86CD /* GLKit.framework */; };
		2353FAF9183836F00080D9D5 /* RoundsViewController.m in Sources */ = {isa = PBXBuildFile; fileRef = 2353FAF8183836F00080D9D5 /* RoundsViewController.m */; };
		2353FAFB18383A860080D9D5 /* metaioSDK.framework in Frameworks */ = {isa = PBXBuildFile; fileRef = 2353FAFA18383A850080D9D5 /* metaioSDK.framework */; };
		2353FB07183841A10080D9D5 /* SocketIO.m in Sources */ = {isa = PBXBuildFile; fileRef = 2353FAFD183841A10080D9D5 /* SocketIO.m */; };
		2353FB08183841A10080D9D5 /* SocketIOJSONSerialization.m in Sources */ = {isa = PBXBuildFile; fileRef = 2353FAFF183841A10080D9D5 /* SocketIOJSONSerialization.m */; };
		2353FB09183841A10080D9D5 /* SocketIOPacket.m in Sources */ = {isa = PBXBuildFile; fileRef = 2353FB01183841A10080D9D5 /* SocketIOPacket.m */; };
		2353FB0A183841A10080D9D5 /* SocketIOTransportWebsocket.m in Sources */ = {isa = PBXBuildFile; fileRef = 2353FB04183841A10080D9D5 /* SocketIOTransportWebsocket.m */; };
		2353FB0B183841A10080D9D5 /* SocketIOTransportXHR.m in Sources */ = {isa = PBXBuildFile; fileRef = 2353FB06183841A10080D9D5 /* SocketIOTransportXHR.m */; };
		2353FB29183843B90080D9D5 /* base64.c in Sources */ = {isa = PBXBuildFile; fileRef = 2353FB22183843B90080D9D5 /* base64.c */; };
		2353FB2A183843B90080D9D5 /* NSData+SRB64Additions.m in Sources */ = {isa = PBXBuildFile; fileRef = 2353FB25183843B90080D9D5 /* NSData+SRB64Additions.m */; };
		2353FB2B183843B90080D9D5 /* SRWebSocket.m in Sources */ = {isa = PBXBuildFile; fileRef = 2353FB28183843B90080D9D5 /* SRWebSocket.m */; };
		2353FB2D183845360080D9D5 /* libicucore.dylib in Frameworks */ = {isa = PBXBuildFile; fileRef = 2353FB2C183845360080D9D5 /* libicucore.dylib */; };
/* End PBXBuildFile section */

/* Begin PBXContainerItemProxy section */
		070B454C1838104500ED29B5 /* PBXContainerItemProxy */ = {
			isa = PBXContainerItemProxy;
			containerPortal = 070B451E1838104500ED29B5 /* Project object */;
			proxyType = 1;
			remoteGlobalIDString = 070B45251838104500ED29B5;
			remoteInfo = LaserTag;
		};
/* End PBXContainerItemProxy section */

/* Begin PBXFileReference section */
		070B45261838104500ED29B5 /* LaserTag.app */ = {isa = PBXFileReference; explicitFileType = wrapper.application; includeInIndex = 0; path = LaserTag.app; sourceTree = BUILT_PRODUCTS_DIR; };
		070B45291838104500ED29B5 /* Foundation.framework */ = {isa = PBXFileReference; lastKnownFileType = wrapper.framework; name = Foundation.framework; path = System/Library/Frameworks/Foundation.framework; sourceTree = SDKROOT; };
		070B452B1838104500ED29B5 /* CoreGraphics.framework */ = {isa = PBXFileReference; lastKnownFileType = wrapper.framework; name = CoreGraphics.framework; path = System/Library/Frameworks/CoreGraphics.framework; sourceTree = SDKROOT; };
		070B452D1838104500ED29B5 /* UIKit.framework */ = {isa = PBXFileReference; lastKnownFileType = wrapper.framework; name = UIKit.framework; path = System/Library/Frameworks/UIKit.framework; sourceTree = SDKROOT; };
		070B45311838104500ED29B5 /* LaserTag-Info.plist */ = {isa = PBXFileReference; lastKnownFileType = text.plist.xml; path = "LaserTag-Info.plist"; sourceTree = "<group>"; };
		070B45331838104500ED29B5 /* en */ = {isa = PBXFileReference; lastKnownFileType = text.plist.strings; name = en; path = en.lproj/InfoPlist.strings; sourceTree = "<group>"; };
		070B45351838104500ED29B5 /* main.m */ = {isa = PBXFileReference; lastKnownFileType = sourcecode.c.objc; path = main.m; sourceTree = "<group>"; };
		070B45371838104500ED29B5 /* LaserTag-Prefix.pch */ = {isa = PBXFileReference; lastKnownFileType = sourcecode.c.h; path = "LaserTag-Prefix.pch"; sourceTree = "<group>"; };
		070B45381838104500ED29B5 /* LTAppDelegate.h */ = {isa = PBXFileReference; lastKnownFileType = sourcecode.c.h; path = LTAppDelegate.h; sourceTree = "<group>"; };
		070B45391838104500ED29B5 /* LTAppDelegate.mm */ = {isa = PBXFileReference; lastKnownFileType = sourcecode.cpp.objcpp; path = LTAppDelegate.mm; sourceTree = "<group>"; };
		070B453C1838104500ED29B5 /* Base */ = {isa = PBXFileReference; lastKnownFileType = file.storyboard; name = Base; path = Base.lproj/Main.storyboard; sourceTree = "<group>"; };
		070B453E1838104500ED29B5 /* LTViewController.h */ = {isa = PBXFileReference; lastKnownFileType = sourcecode.c.h; path = LTViewController.h; sourceTree = "<group>"; };
		070B453F1838104500ED29B5 /* LTViewController.mm */ = {isa = PBXFileReference; lastKnownFileType = sourcecode.cpp.objcpp; path = LTViewController.mm; sourceTree = "<group>"; };
		070B45411838104500ED29B5 /* Images.xcassets */ = {isa = PBXFileReference; lastKnownFileType = folder.assetcatalog; path = Images.xcassets; sourceTree = "<group>"; };
		070B45471838104500ED29B5 /* LaserTagTests.xctest */ = {isa = PBXFileReference; explicitFileType = wrapper.cfbundle; includeInIndex = 0; path = LaserTagTests.xctest; sourceTree = BUILT_PRODUCTS_DIR; };
		070B45481838104500ED29B5 /* XCTest.framework */ = {isa = PBXFileReference; lastKnownFileType = wrapper.framework; name = XCTest.framework; path = Library/Frameworks/XCTest.framework; sourceTree = DEVELOPER_DIR; };
		070B45501838104500ED29B5 /* LaserTagTests-Info.plist */ = {isa = PBXFileReference; lastKnownFileType = text.plist.xml; path = "LaserTagTests-Info.plist"; sourceTree = "<group>"; };
		070B45521838104500ED29B5 /* en */ = {isa = PBXFileReference; lastKnownFileType = text.plist.strings; name = en; path = en.lproj/InfoPlist.strings; sourceTree = "<group>"; };
		070B45541838104500ED29B5 /* LaserTagTests.m */ = {isa = PBXFileReference; lastKnownFileType = sourcecode.c.objc; path = LaserTagTests.m; sourceTree = "<group>"; };
		070B455E183810A900ED29B5 /* LaserParticleSystemView.h */ = {isa = PBXFileReference; fileEncoding = 4; lastKnownFileType = sourcecode.c.h; path = LaserParticleSystemView.h; sourceTree = "<group>"; };
		070B455F183810A900ED29B5 /* LaserParticleSystemView.mm */ = {isa = PBXFileReference; fileEncoding = 4; lastKnownFileType = sourcecode.cpp.objcpp; path = LaserParticleSystemView.mm; sourceTree = "<group>"; };
		070B4561183810F400ED29B5 /* QuartzCore.framework */ = {isa = PBXFileReference; lastKnownFileType = wrapper.framework; name = QuartzCore.framework; path = System/Library/Frameworks/QuartzCore.framework; sourceTree = SDKROOT; };
		070B4563183811C700ED29B5 /* particle.png */ = {isa = PBXFileReference; lastKnownFileType = image.png; path = particle.png; sourceTree = "<group>"; };
		07F1124218381F4F00CF86CD /* metaioSDK.framework */ = {isa = PBXFileReference; lastKnownFileType = wrapper.framework; path = metaioSDK.framework; sourceTree = "<group>"; };
		07F1124418381FC700CF86CD /* libz.dylib */ = {isa = PBXFileReference; lastKnownFileType = "compiled.mach-o.dylib"; name = libz.dylib; path = usr/lib/libz.dylib; sourceTree = SDKROOT; };
		07F1124618381FCD00CF86CD /* libxml2.dylib */ = {isa = PBXFileReference; lastKnownFileType = "compiled.mach-o.dylib"; name = libxml2.dylib; path = usr/lib/libxml2.dylib; sourceTree = SDKROOT; };
		07F1124818381FD300CF86CD /* CFNetwork.framework */ = {isa = PBXFileReference; lastKnownFileType = wrapper.framework; name = CFNetwork.framework; path = System/Library/Frameworks/CFNetwork.framework; sourceTree = SDKROOT; };
		07F1124A18381FD900CF86CD /* AudioToolbox.framework */ = {isa = PBXFileReference; lastKnownFileType = wrapper.framework; name = AudioToolbox.framework; path = System/Library/Frameworks/AudioToolbox.framework; sourceTree = SDKROOT; };
		07F1124C18381FDE00CF86CD /* OpenGLES.framework */ = {isa = PBXFileReference; lastKnownFileType = wrapper.framework; name = OpenGLES.framework; path = System/Library/Frameworks/OpenGLES.framework; sourceTree = SDKROOT; };
		07F1124E18381FE300CF86CD /* AVFoundation.framework */ = {isa = PBXFileReference; lastKnownFileType = wrapper.framework; name = AVFoundation.framework; path = System/Library/Frameworks/AVFoundation.framework; sourceTree = SDKROOT; };
		07F1125018381FE800CF86CD /* Security.framework */ = {isa = PBXFileReference; lastKnownFileType = wrapper.framework; name = Security.framework; path = System/Library/Frameworks/Security.framework; sourceTree = SDKROOT; };
		07F1125218381FEF00CF86CD /* CoreMedia.framework */ = {isa = PBXFileReference; lastKnownFileType = wrapper.framework; name = CoreMedia.framework; path = System/Library/Frameworks/CoreMedia.framework; sourceTree = SDKROOT; };
		07F1125418381FF400CF86CD /* CoreLocation.framework */ = {isa = PBXFileReference; lastKnownFileType = wrapper.framework; name = CoreLocation.framework; path = System/Library/Frameworks/CoreLocation.framework; sourceTree = SDKROOT; };
		07F1125618381FFA00CF86CD /* CoreMotion.framework */ = {isa = PBXFileReference; lastKnownFileType = wrapper.framework; name = CoreMotion.framework; path = System/Library/Frameworks/CoreMotion.framework; sourceTree = SDKROOT; };
		07F1125818381FFF00CF86CD /* CoreVideo.framework */ = {isa = PBXFileReference; lastKnownFileType = wrapper.framework; name = CoreVideo.framework; path = System/Library/Frameworks/CoreVideo.framework; sourceTree = SDKROOT; };
		07F1125A1838203500CF86CD /* EAGLView.h */ = {isa = PBXFileReference; fileEncoding = 4; lastKnownFileType = sourcecode.c.h; path = EAGLView.h; sourceTree = "<group>"; };
		07F1125B1838203500CF86CD /* EAGLView.mm */ = {isa = PBXFileReference; fileEncoding = 4; lastKnownFileType = sourcecode.cpp.objcpp; path = EAGLView.mm; sourceTree = "<group>"; };
		07F1125C1838203500CF86CD /* MetaioSDKViewController.h */ = {isa = PBXFileReference; fileEncoding = 4; lastKnownFileType = sourcecode.c.h; path = MetaioSDKViewController.h; sourceTree = "<group>"; };
		07F1125D1838203500CF86CD /* MetaioSDKViewController.mm */ = {isa = PBXFileReference; fileEncoding = 4; lastKnownFileType = sourcecode.cpp.objcpp; path = MetaioSDKViewController.mm; sourceTree = "<group>"; };
		07F112611838220B00CF86CD /* TrackingData_Marker.xml */ = {isa = PBXFileReference; fileEncoding = 4; lastKnownFileType = text.xml; path = TrackingData_Marker.xml; sourceTree = "<group>"; };
		07F1127318383CD400CF86CD /* GLKit.framework */ = {isa = PBXFileReference; lastKnownFileType = wrapper.framework; name = GLKit.framework; path = System/Library/Frameworks/GLKit.framework; sourceTree = SDKROOT; };
		2353FAF7183836F00080D9D5 /* RoundsViewController.h */ = {isa = PBXFileReference; fileEncoding = 4; lastKnownFileType = sourcecode.c.h; path = RoundsViewController.h; sourceTree = "<group>"; };
		2353FAF8183836F00080D9D5 /* RoundsViewController.m */ = {isa = PBXFileReference; fileEncoding = 4; lastKnownFileType = sourcecode.c.objc; path = RoundsViewController.m; sourceTree = "<group>"; };
		2353FAFA18383A850080D9D5 /* metaioSDK.framework */ = {isa = PBXFileReference; lastKnownFileType = wrapper.framework; path = metaioSDK.framework; sourceTree = "<group>"; };
		2353FAFC183841A10080D9D5 /* SocketIO.h */ = {isa = PBXFileReference; fileEncoding = 4; lastKnownFileType = sourcecode.c.h; path = SocketIO.h; sourceTree = "<group>"; };
		2353FAFD183841A10080D9D5 /* SocketIO.m */ = {isa = PBXFileReference; fileEncoding = 4; lastKnownFileType = sourcecode.c.objc; path = SocketIO.m; sourceTree = "<group>"; };
		2353FAFE183841A10080D9D5 /* SocketIOJSONSerialization.h */ = {isa = PBXFileReference; fileEncoding = 4; lastKnownFileType = sourcecode.c.h; path = SocketIOJSONSerialization.h; sourceTree = "<group>"; };
		2353FAFF183841A10080D9D5 /* SocketIOJSONSerialization.m */ = {isa = PBXFileReference; fileEncoding = 4; lastKnownFileType = sourcecode.c.objc; path = SocketIOJSONSerialization.m; sourceTree = "<group>"; };
		2353FB00183841A10080D9D5 /* SocketIOPacket.h */ = {isa = PBXFileReference; fileEncoding = 4; lastKnownFileType = sourcecode.c.h; path = SocketIOPacket.h; sourceTree = "<group>"; };
		2353FB01183841A10080D9D5 /* SocketIOPacket.m */ = {isa = PBXFileReference; fileEncoding = 4; lastKnownFileType = sourcecode.c.objc; path = SocketIOPacket.m; sourceTree = "<group>"; };
		2353FB02183841A10080D9D5 /* SocketIOTransport.h */ = {isa = PBXFileReference; fileEncoding = 4; lastKnownFileType = sourcecode.c.h; path = SocketIOTransport.h; sourceTree = "<group>"; };
		2353FB03183841A10080D9D5 /* SocketIOTransportWebsocket.h */ = {isa = PBXFileReference; fileEncoding = 4; lastKnownFileType = sourcecode.c.h; path = SocketIOTransportWebsocket.h; sourceTree = "<group>"; };
		2353FB04183841A10080D9D5 /* SocketIOTransportWebsocket.m */ = {isa = PBXFileReference; fileEncoding = 4; lastKnownFileType = sourcecode.c.objc; path = SocketIOTransportWebsocket.m; sourceTree = "<group>"; };
		2353FB05183841A10080D9D5 /* SocketIOTransportXHR.h */ = {isa = PBXFileReference; fileEncoding = 4; lastKnownFileType = sourcecode.c.h; path = SocketIOTransportXHR.h; sourceTree = "<group>"; };
		2353FB06183841A10080D9D5 /* SocketIOTransportXHR.m */ = {isa = PBXFileReference; fileEncoding = 4; lastKnownFileType = sourcecode.c.objc; path = SocketIOTransportXHR.m; sourceTree = "<group>"; };
		2353FB22183843B90080D9D5 /* base64.c */ = {isa = PBXFileReference; fileEncoding = 4; lastKnownFileType = sourcecode.c.c; path = base64.c; sourceTree = "<group>"; };
		2353FB23183843B90080D9D5 /* base64.h */ = {isa = PBXFileReference; fileEncoding = 4; lastKnownFileType = sourcecode.c.h; path = base64.h; sourceTree = "<group>"; };
		2353FB24183843B90080D9D5 /* NSData+SRB64Additions.h */ = {isa = PBXFileReference; fileEncoding = 4; lastKnownFileType = sourcecode.c.h; path = "NSData+SRB64Additions.h"; sourceTree = "<group>"; };
		2353FB25183843B90080D9D5 /* NSData+SRB64Additions.m */ = {isa = PBXFileReference; fileEncoding = 4; lastKnownFileType = sourcecode.c.objc; path = "NSData+SRB64Additions.m"; sourceTree = "<group>"; };
		2353FB26183843B90080D9D5 /* SocketRocket-Prefix.pch */ = {isa = PBXFileReference; fileEncoding = 4; lastKnownFileType = sourcecode.c.h; path = "SocketRocket-Prefix.pch"; sourceTree = "<group>"; };
		2353FB27183843B90080D9D5 /* SRWebSocket.h */ = {isa = PBXFileReference; fileEncoding = 4; lastKnownFileType = sourcecode.c.h; path = SRWebSocket.h; sourceTree = "<group>"; };
		2353FB28183843B90080D9D5 /* SRWebSocket.m */ = {isa = PBXFileReference; fileEncoding = 4; lastKnownFileType = sourcecode.c.objc; path = SRWebSocket.m; sourceTree = "<group>"; };
		2353FB2C183845360080D9D5 /* libicucore.dylib */ = {isa = PBXFileReference; lastKnownFileType = "compiled.mach-o.dylib"; name = libicucore.dylib; path = usr/lib/libicucore.dylib; sourceTree = SDKROOT; };
/* End PBXFileReference section */

/* Begin PBXFrameworksBuildPhase section */
		070B45231838104500ED29B5 /* Frameworks */ = {
			isa = PBXFrameworksBuildPhase;
			buildActionMask = 2147483647;
			files = (
				07F1127418383CD400CF86CD /* GLKit.framework in Frameworks */,
				07F1124918381FD300CF86CD /* CFNetwork.framework in Frameworks */,
				2353FB2D183845360080D9D5 /* libicucore.dylib in Frameworks */,
				07F1125918381FFF00CF86CD /* CoreVideo.framework in Frameworks */,
				07F1125718381FFA00CF86CD /* CoreMotion.framework in Frameworks */,
				07F1125518381FF400CF86CD /* CoreLocation.framework in Frameworks */,
				07F1125318381FEF00CF86CD /* CoreMedia.framework in Frameworks */,
				07F1125118381FE800CF86CD /* Security.framework in Frameworks */,
				07F1124F18381FE300CF86CD /* AVFoundation.framework in Frameworks */,
				07F1124D18381FDE00CF86CD /* OpenGLES.framework in Frameworks */,
				07F1124B18381FD900CF86CD /* AudioToolbox.framework in Frameworks */,
				2353FAFB18383A860080D9D5 /* metaioSDK.framework in Frameworks */,
				07F1124718381FCD00CF86CD /* libxml2.dylib in Frameworks */,
				07F1124518381FC700CF86CD /* libz.dylib in Frameworks */,
				070B4562183810F400ED29B5 /* QuartzCore.framework in Frameworks */,
				070B452C1838104500ED29B5 /* CoreGraphics.framework in Frameworks */,
				070B452E1838104500ED29B5 /* UIKit.framework in Frameworks */,
				07F1124318381F4F00CF86CD /* metaioSDK.framework in Frameworks */,
				070B452A1838104500ED29B5 /* Foundation.framework in Frameworks */,
			);
			runOnlyForDeploymentPostprocessing = 0;
		};
		070B45441838104500ED29B5 /* Frameworks */ = {
			isa = PBXFrameworksBuildPhase;
			buildActionMask = 2147483647;
			files = (
				070B45491838104500ED29B5 /* XCTest.framework in Frameworks */,
				070B454B1838104500ED29B5 /* UIKit.framework in Frameworks */,
				070B454A1838104500ED29B5 /* Foundation.framework in Frameworks */,
			);
			runOnlyForDeploymentPostprocessing = 0;
		};
/* End PBXFrameworksBuildPhase section */

/* Begin PBXGroup section */
		070B451D1838104500ED29B5 = {
			isa = PBXGroup;
			children = (
				07F11260183821F900CF86CD /* ARResources */,
				070B452F1838104500ED29B5 /* LaserTag */,
				070B454E1838104500ED29B5 /* LaserTagTests */,
				070B45281838104500ED29B5 /* Frameworks */,
				070B45271838104500ED29B5 /* Products */,
			);
			sourceTree = "<group>";
		};
		070B45271838104500ED29B5 /* Products */ = {
			isa = PBXGroup;
			children = (
				070B45261838104500ED29B5 /* LaserTag.app */,
				070B45471838104500ED29B5 /* LaserTagTests.xctest */,
			);
			name = Products;
			sourceTree = "<group>";
		};
		070B45281838104500ED29B5 /* Frameworks */ = {
			isa = PBXGroup;
			children = (
				07F1127318383CD400CF86CD /* GLKit.framework */,
				2353FB2C183845360080D9D5 /* libicucore.dylib */,
				07F1125818381FFF00CF86CD /* CoreVideo.framework */,
				07F1125618381FFA00CF86CD /* CoreMotion.framework */,
				07F1125418381FF400CF86CD /* CoreLocation.framework */,
				07F1125218381FEF00CF86CD /* CoreMedia.framework */,
				07F1125018381FE800CF86CD /* Security.framework */,
				07F1124E18381FE300CF86CD /* AVFoundation.framework */,
				07F1124C18381FDE00CF86CD /* OpenGLES.framework */,
				07F1124A18381FD900CF86CD /* AudioToolbox.framework */,
				07F1124818381FD300CF86CD /* CFNetwork.framework */,
				07F1124618381FCD00CF86CD /* libxml2.dylib */,
				07F1124418381FC700CF86CD /* libz.dylib */,
				2353FAFA18383A850080D9D5 /* metaioSDK.framework */,
				07F1124218381F4F00CF86CD /* metaioSDK.framework */,
				070B4561183810F400ED29B5 /* QuartzCore.framework */,
				070B45291838104500ED29B5 /* Foundation.framework */,
				070B452B1838104500ED29B5 /* CoreGraphics.framework */,
				070B452D1838104500ED29B5 /* UIKit.framework */,
				070B45481838104500ED29B5 /* XCTest.framework */,
			);
			name = Frameworks;
			sourceTree = "<group>";
		};
		070B452F1838104500ED29B5 /* LaserTag */ = {
			isa = PBXGroup;
			children = (
				2353FB21183843A90080D9D5 /* SocketRocket */,
				2353FB0C183841A90080D9D5 /* SocketIO */,
				07F1125A1838203500CF86CD /* EAGLView.h */,
				07F1125B1838203500CF86CD /* EAGLView.mm */,
				07F1125C1838203500CF86CD /* MetaioSDKViewController.h */,
				07F1125D1838203500CF86CD /* MetaioSDKViewController.mm */,
				070B4563183811C700ED29B5 /* particle.png */,
				070B45381838104500ED29B5 /* LTAppDelegate.h */,
				070B45391838104500ED29B5 /* LTAppDelegate.mm */,
				070B453B1838104500ED29B5 /* Main.storyboard */,
				070B453E1838104500ED29B5 /* LTViewController.h */,
				070B453F1838104500ED29B5 /* LTViewController.mm */,
				070B45411838104500ED29B5 /* Images.xcassets */,
				070B45301838104500ED29B5 /* Supporting Files */,
				070B455E183810A900ED29B5 /* LaserParticleSystemView.h */,
				070B455F183810A900ED29B5 /* LaserParticleSystemView.mm */,
				2353FAF7183836F00080D9D5 /* RoundsViewController.h */,
				2353FAF8183836F00080D9D5 /* RoundsViewController.m */,
			);
			path = LaserTag;
			sourceTree = "<group>";
		};
		070B45301838104500ED29B5 /* Supporting Files */ = {
			isa = PBXGroup;
			children = (
				070B45311838104500ED29B5 /* LaserTag-Info.plist */,
				070B45321838104500ED29B5 /* InfoPlist.strings */,
				070B45351838104500ED29B5 /* main.m */,
				070B45371838104500ED29B5 /* LaserTag-Prefix.pch */,
			);
			name = "Supporting Files";
			sourceTree = "<group>";
		};
		070B454E1838104500ED29B5 /* LaserTagTests */ = {
			isa = PBXGroup;
			children = (
				070B45541838104500ED29B5 /* LaserTagTests.m */,
				070B454F1838104500ED29B5 /* Supporting Files */,
			);
			path = LaserTagTests;
			sourceTree = "<group>";
		};
		070B454F1838104500ED29B5 /* Supporting Files */ = {
			isa = PBXGroup;
			children = (
				070B45501838104500ED29B5 /* LaserTagTests-Info.plist */,
				070B45511838104500ED29B5 /* InfoPlist.strings */,
			);
			name = "Supporting Files";
			sourceTree = "<group>";
		};
		07F11260183821F900CF86CD /* ARResources */ = {
			isa = PBXGroup;
			children = (
				07F112611838220B00CF86CD /* TrackingData_Marker.xml */,
			);
			name = ARResources;
			sourceTree = "<group>";
		};
		2353FB0C183841A90080D9D5 /* SocketIO */ = {
			isa = PBXGroup;
			children = (
				2353FAFC183841A10080D9D5 /* SocketIO.h */,
				2353FAFD183841A10080D9D5 /* SocketIO.m */,
				2353FAFE183841A10080D9D5 /* SocketIOJSONSerialization.h */,
				2353FAFF183841A10080D9D5 /* SocketIOJSONSerialization.m */,
				2353FB00183841A10080D9D5 /* SocketIOPacket.h */,
				2353FB01183841A10080D9D5 /* SocketIOPacket.m */,
				2353FB02183841A10080D9D5 /* SocketIOTransport.h */,
				2353FB03183841A10080D9D5 /* SocketIOTransportWebsocket.h */,
				2353FB04183841A10080D9D5 /* SocketIOTransportWebsocket.m */,
				2353FB05183841A10080D9D5 /* SocketIOTransportXHR.h */,
				2353FB06183841A10080D9D5 /* SocketIOTransportXHR.m */,
			);
			name = SocketIO;
			sourceTree = "<group>";
		};
		2353FB21183843A90080D9D5 /* SocketRocket */ = {
			isa = PBXGroup;
			children = (
				2353FB22183843B90080D9D5 /* base64.c */,
				2353FB23183843B90080D9D5 /* base64.h */,
				2353FB24183843B90080D9D5 /* NSData+SRB64Additions.h */,
				2353FB25183843B90080D9D5 /* NSData+SRB64Additions.m */,
				2353FB26183843B90080D9D5 /* SocketRocket-Prefix.pch */,
				2353FB27183843B90080D9D5 /* SRWebSocket.h */,
				2353FB28183843B90080D9D5 /* SRWebSocket.m */,
			);
			name = SocketRocket;
			sourceTree = "<group>";
		};
/* End PBXGroup section */

/* Begin PBXNativeTarget section */
		070B45251838104500ED29B5 /* LaserTag */ = {
			isa = PBXNativeTarget;
			buildConfigurationList = 070B45581838104500ED29B5 /* Build configuration list for PBXNativeTarget "LaserTag" */;
			buildPhases = (
				070B45221838104500ED29B5 /* Sources */,
				070B45231838104500ED29B5 /* Frameworks */,
				070B45241838104500ED29B5 /* Resources */,
			);
			buildRules = (
			);
			dependencies = (
			);
			name = LaserTag;
			productName = LaserTag;
			productReference = 070B45261838104500ED29B5 /* LaserTag.app */;
			productType = "com.apple.product-type.application";
		};
		070B45461838104500ED29B5 /* LaserTagTests */ = {
			isa = PBXNativeTarget;
			buildConfigurationList = 070B455B1838104500ED29B5 /* Build configuration list for PBXNativeTarget "LaserTagTests" */;
			buildPhases = (
				070B45431838104500ED29B5 /* Sources */,
				070B45441838104500ED29B5 /* Frameworks */,
				070B45451838104500ED29B5 /* Resources */,
			);
			buildRules = (
			);
			dependencies = (
				070B454D1838104500ED29B5 /* PBXTargetDependency */,
			);
			name = LaserTagTests;
			productName = LaserTagTests;
			productReference = 070B45471838104500ED29B5 /* LaserTagTests.xctest */;
			productType = "com.apple.product-type.bundle.unit-test";
		};
/* End PBXNativeTarget section */

/* Begin PBXProject section */
		070B451E1838104500ED29B5 /* Project object */ = {
			isa = PBXProject;
			attributes = {
				CLASSPREFIX = LT;
				LastUpgradeCheck = 0500;
				ORGANIZATIONNAME = "Andrew Shim";
				TargetAttributes = {
					070B45461838104500ED29B5 = {
						TestTargetID = 070B45251838104500ED29B5;
					};
				};
			};
			buildConfigurationList = 070B45211838104500ED29B5 /* Build configuration list for PBXProject "LaserTag" */;
			compatibilityVersion = "Xcode 3.2";
			developmentRegion = English;
			hasScannedForEncodings = 0;
			knownRegions = (
				en,
				Base,
			);
			mainGroup = 070B451D1838104500ED29B5;
			productRefGroup = 070B45271838104500ED29B5 /* Products */;
			projectDirPath = "";
			projectRoot = "";
			targets = (
				070B45251838104500ED29B5 /* LaserTag */,
				070B45461838104500ED29B5 /* LaserTagTests */,
			);
		};
/* End PBXProject section */

/* Begin PBXResourcesBuildPhase section */
		070B45241838104500ED29B5 /* Resources */ = {
			isa = PBXResourcesBuildPhase;
			buildActionMask = 2147483647;
			files = (
				070B45421838104500ED29B5 /* Images.xcassets in Resources */,
				070B45341838104500ED29B5 /* InfoPlist.strings in Resources */,
				07F112621838220B00CF86CD /* TrackingData_Marker.xml in Resources */,
				070B453D1838104500ED29B5 /* Main.storyboard in Resources */,
				070B4564183811C700ED29B5 /* particle.png in Resources */,
			);
			runOnlyForDeploymentPostprocessing = 0;
		};
		070B45451838104500ED29B5 /* Resources */ = {
			isa = PBXResourcesBuildPhase;
			buildActionMask = 2147483647;
			files = (
				070B45531838104500ED29B5 /* InfoPlist.strings in Resources */,
			);
			runOnlyForDeploymentPostprocessing = 0;
		};
/* End PBXResourcesBuildPhase section */

/* Begin PBXSourcesBuildPhase section */
		070B45221838104500ED29B5 /* Sources */ = {
			isa = PBXSourcesBuildPhase;
			buildActionMask = 2147483647;
			files = (
				070B453A1838104500ED29B5 /* LTAppDelegate.mm in Sources */,
				070B45361838104500ED29B5 /* main.m in Sources */,
				2353FB09183841A10080D9D5 /* SocketIOPacket.m in Sources */,
				2353FAF9183836F00080D9D5 /* RoundsViewController.m in Sources */,
				07F1125F1838203500CF86CD /* MetaioSDKViewController.mm in Sources */,
				2353FB0B183841A10080D9D5 /* SocketIOTransportXHR.m in Sources */,
				07F1125E1838203500CF86CD /* EAGLView.mm in Sources */,
				070B45401838104500ED29B5 /* LTViewController.mm in Sources */,
				2353FB2A183843B90080D9D5 /* NSData+SRB64Additions.m in Sources */,
				2353FB0A183841A10080D9D5 /* SocketIOTransportWebsocket.m in Sources */,
				2353FB07183841A10080D9D5 /* SocketIO.m in Sources */,
				2353FB29183843B90080D9D5 /* base64.c in Sources */,
				2353FB2B183843B90080D9D5 /* SRWebSocket.m in Sources */,
				070B4560183810A900ED29B5 /* LaserParticleSystemView.mm in Sources */,
				2353FB08183841A10080D9D5 /* SocketIOJSONSerialization.m in Sources */,
			);
			runOnlyForDeploymentPostprocessing = 0;
		};
		070B45431838104500ED29B5 /* Sources */ = {
			isa = PBXSourcesBuildPhase;
			buildActionMask = 2147483647;
			files = (
				070B45551838104500ED29B5 /* LaserTagTests.m in Sources */,
			);
			runOnlyForDeploymentPostprocessing = 0;
		};
/* End PBXSourcesBuildPhase section */

/* Begin PBXTargetDependency section */
		070B454D1838104500ED29B5 /* PBXTargetDependency */ = {
			isa = PBXTargetDependency;
			target = 070B45251838104500ED29B5 /* LaserTag */;
			targetProxy = 070B454C1838104500ED29B5 /* PBXContainerItemProxy */;
		};
/* End PBXTargetDependency section */

/* Begin PBXVariantGroup section */
		070B45321838104500ED29B5 /* InfoPlist.strings */ = {
			isa = PBXVariantGroup;
			children = (
				070B45331838104500ED29B5 /* en */,
			);
			name = InfoPlist.strings;
			sourceTree = "<group>";
		};
		070B453B1838104500ED29B5 /* Main.storyboard */ = {
			isa = PBXVariantGroup;
			children = (
				070B453C1838104500ED29B5 /* Base */,
			);
			name = Main.storyboard;
			sourceTree = "<group>";
		};
		070B45511838104500ED29B5 /* InfoPlist.strings */ = {
			isa = PBXVariantGroup;
			children = (
				070B45521838104500ED29B5 /* en */,
			);
			name = InfoPlist.strings;
			sourceTree = "<group>";
		};
/* End PBXVariantGroup section */

/* Begin XCBuildConfiguration section */
		070B45561838104500ED29B5 /* Debug */ = {
			isa = XCBuildConfiguration;
			buildSettings = {
				ALWAYS_SEARCH_USER_PATHS = NO;
				ARCHS = "$(ARCHS_STANDARD_INCLUDING_64_BIT)";
				CLANG_CXX_LANGUAGE_STANDARD = "gnu++0x";
				CLANG_CXX_LIBRARY = "libc++";
				CLANG_ENABLE_MODULES = YES;
				CLANG_ENABLE_OBJC_ARC = YES;
				CLANG_WARN_BOOL_CONVERSION = YES;
				CLANG_WARN_CONSTANT_CONVERSION = YES;
				CLANG_WARN_DIRECT_OBJC_ISA_USAGE = YES_ERROR;
				CLANG_WARN_EMPTY_BODY = YES;
				CLANG_WARN_ENUM_CONVERSION = YES;
				CLANG_WARN_INT_CONVERSION = YES;
				CLANG_WARN_OBJC_ROOT_CLASS = YES_ERROR;
				CLANG_WARN__DUPLICATE_METHOD_MATCH = YES;
				"CODE_SIGN_IDENTITY[sdk=iphoneos*]" = "iPhone Developer";
				COPY_PHASE_STRIP = NO;
				GCC_C_LANGUAGE_STANDARD = gnu99;
				GCC_DYNAMIC_NO_PIC = NO;
				GCC_OPTIMIZATION_LEVEL = 0;
				GCC_PREPROCESSOR_DEFINITIONS = (
					"DEBUG=1",
					"$(inherited)",
				);
				GCC_SYMBOLS_PRIVATE_EXTERN = NO;
				GCC_WARN_64_TO_32_BIT_CONVERSION = YES;
				GCC_WARN_ABOUT_RETURN_TYPE = YES_ERROR;
				GCC_WARN_UNDECLARED_SELECTOR = YES;
				GCC_WARN_UNINITIALIZED_AUTOS = YES;
				GCC_WARN_UNUSED_FUNCTION = YES;
				GCC_WARN_UNUSED_VARIABLE = YES;
				IPHONEOS_DEPLOYMENT_TARGET = 7.0;
				ONLY_ACTIVE_ARCH = YES;
				SDKROOT = iphoneos;
			};
			name = Debug;
		};
		070B45571838104500ED29B5 /* Release */ = {
			isa = XCBuildConfiguration;
			buildSettings = {
				ALWAYS_SEARCH_USER_PATHS = NO;
				ARCHS = "$(ARCHS_STANDARD_INCLUDING_64_BIT)";
				CLANG_CXX_LANGUAGE_STANDARD = "gnu++0x";
				CLANG_CXX_LIBRARY = "libc++";
				CLANG_ENABLE_MODULES = YES;
				CLANG_ENABLE_OBJC_ARC = YES;
				CLANG_WARN_BOOL_CONVERSION = YES;
				CLANG_WARN_CONSTANT_CONVERSION = YES;
				CLANG_WARN_DIRECT_OBJC_ISA_USAGE = YES_ERROR;
				CLANG_WARN_EMPTY_BODY = YES;
				CLANG_WARN_ENUM_CONVERSION = YES;
				CLANG_WARN_INT_CONVERSION = YES;
				CLANG_WARN_OBJC_ROOT_CLASS = YES_ERROR;
				CLANG_WARN__DUPLICATE_METHOD_MATCH = YES;
				"CODE_SIGN_IDENTITY[sdk=iphoneos*]" = "iPhone Developer";
				COPY_PHASE_STRIP = YES;
				ENABLE_NS_ASSERTIONS = NO;
				GCC_C_LANGUAGE_STANDARD = gnu99;
				GCC_WARN_64_TO_32_BIT_CONVERSION = YES;
				GCC_WARN_ABOUT_RETURN_TYPE = YES_ERROR;
				GCC_WARN_UNDECLARED_SELECTOR = YES;
				GCC_WARN_UNINITIALIZED_AUTOS = YES;
				GCC_WARN_UNUSED_FUNCTION = YES;
				GCC_WARN_UNUSED_VARIABLE = YES;
				IPHONEOS_DEPLOYMENT_TARGET = 7.0;
				SDKROOT = iphoneos;
				VALIDATE_PRODUCT = YES;
			};
			name = Release;
		};
		070B45591838104500ED29B5 /* Debug */ = {
			isa = XCBuildConfiguration;
			buildSettings = {
				ASSETCATALOG_COMPILER_APPICON_NAME = AppIcon;
				ASSETCATALOG_COMPILER_LAUNCHIMAGE_NAME = LaunchImage;
				CLANG_CXX_LANGUAGE_STANDARD = "compiler-default";
				CLANG_CXX_LIBRARY = "libstdc++";
				FRAMEWORK_SEARCH_PATHS = (
					"$(inherited)",
					/Users/ark5/projects/cameraTag/LaserTag,
					/Users/tS3m/Development/cameraTag/LaserTag,
				);
				GCC_PRECOMPILE_PREFIX_HEADER = YES;
				GCC_PREFIX_HEADER = "LaserTag/LaserTag-Prefix.pch";
				INFOPLIST_FILE = "LaserTag/LaserTag-Info.plist";
				PRODUCT_NAME = "$(TARGET_NAME)";
				WRAPPER_EXTENSION = app;
			};
			name = Debug;
		};
		070B455A1838104500ED29B5 /* Release */ = {
			isa = XCBuildConfiguration;
			buildSettings = {
				ASSETCATALOG_COMPILER_APPICON_NAME = AppIcon;
				ASSETCATALOG_COMPILER_LAUNCHIMAGE_NAME = LaunchImage;
				CLANG_CXX_LANGUAGE_STANDARD = "compiler-default";
				CLANG_CXX_LIBRARY = "libstdc++";
				FRAMEWORK_SEARCH_PATHS = (
					"$(inherited)",
					/Users/ark5/projects/cameraTag/LaserTag,
					/Users/tS3m/Development/cameraTag/LaserTag,
				);
				GCC_PRECOMPILE_PREFIX_HEADER = YES;
				GCC_PREFIX_HEADER = "LaserTag/LaserTag-Prefix.pch";
				INFOPLIST_FILE = "LaserTag/LaserTag-Info.plist";
				PRODUCT_NAME = "$(TARGET_NAME)";
				WRAPPER_EXTENSION = app;
			};
			name = Release;
		};
		070B455C1838104500ED29B5 /* Debug */ = {
			isa = XCBuildConfiguration;
			buildSettings = {
				ARCHS = "$(ARCHS_STANDARD_INCLUDING_64_BIT)";
				BUNDLE_LOADER = "$(BUILT_PRODUCTS_DIR)/LaserTag.app/LaserTag";
				FRAMEWORK_SEARCH_PATHS = (
					"$(SDKROOT)/Developer/Library/Frameworks",
					"$(inherited)",
					"$(DEVELOPER_FRAMEWORKS_DIR)",
				);
				GCC_PRECOMPILE_PREFIX_HEADER = YES;
				GCC_PREFIX_HEADER = "LaserTag/LaserTag-Prefix.pch";
				GCC_PREPROCESSOR_DEFINITIONS = (
					"DEBUG=1",
					"$(inherited)",
				);
				INFOPLIST_FILE = "LaserTagTests/LaserTagTests-Info.plist";
				PRODUCT_NAME = "$(TARGET_NAME)";
				TEST_HOST = "$(BUNDLE_LOADER)";
				WRAPPER_EXTENSION = xctest;
			};
			name = Debug;
		};
		070B455D1838104500ED29B5 /* Release */ = {
			isa = XCBuildConfiguration;
			buildSettings = {
				ARCHS = "$(ARCHS_STANDARD_INCLUDING_64_BIT)";
				BUNDLE_LOADER = "$(BUILT_PRODUCTS_DIR)/LaserTag.app/LaserTag";
				FRAMEWORK_SEARCH_PATHS = (
					"$(SDKROOT)/Developer/Library/Frameworks",
					"$(inherited)",
					"$(DEVELOPER_FRAMEWORKS_DIR)",
				);
				GCC_PRECOMPILE_PREFIX_HEADER = YES;
				GCC_PREFIX_HEADER = "LaserTag/LaserTag-Prefix.pch";
				INFOPLIST_FILE = "LaserTagTests/LaserTagTests-Info.plist";
				PRODUCT_NAME = "$(TARGET_NAME)";
				TEST_HOST = "$(BUNDLE_LOADER)";
				WRAPPER_EXTENSION = xctest;
			};
			name = Release;
		};
/* End XCBuildConfiguration section */

/* Begin XCConfigurationList section */
		070B45211838104500ED29B5 /* Build configuration list for PBXProject "LaserTag" */ = {
			isa = XCConfigurationList;
			buildConfigurations = (
				070B45561838104500ED29B5 /* Debug */,
				070B45571838104500ED29B5 /* Release */,
			);
			defaultConfigurationIsVisible = 0;
			defaultConfigurationName = Release;
		};
		070B45581838104500ED29B5 /* Build configuration list for PBXNativeTarget "LaserTag" */ = {
			isa = XCConfigurationList;
			buildConfigurations = (
				070B45591838104500ED29B5 /* Debug */,
				070B455A1838104500ED29B5 /* Release */,
			);
			defaultConfigurationIsVisible = 0;
			defaultConfigurationName = Release;
		};
		070B455B1838104500ED29B5 /* Build configuration list for PBXNativeTarget "LaserTagTests" */ = {
			isa = XCConfigurationList;
			buildConfigurations = (
				070B455C1838104500ED29B5 /* Debug */,
				070B455D1838104500ED29B5 /* Release */,
			);
			defaultConfigurationIsVisible = 0;
			defaultConfigurationName = Release;
		};
/* End XCConfigurationList section */
	};
	rootObject = 070B451E1838104500ED29B5 /* Project object */;
}
